
Microsoft Visual Studio Solution File, Format Version 12.00
# Visual Studio 14
VisualStudioVersion = 14.0.23107.0
MinimumVisualStudioVersion = 10.0.40219.1
Project("{FAE04EC0-301F-11D3-BF4B-00C04F79EFBC}") = "ExperianOfficeArrangement", "ExperianOfficeArrangement\ExperianOfficeArrangement.csproj", "{5CF2940F-1909-4F40-BDA0-C62D8C26ADA9}"
EndProject
Project("{FAE04EC0-301F-11D3-BF4B-00C04F79EFBC}") = "ExperianOfficeArrangement.Tests", "ExperianOfficeArrangement.Tests\ExperianOfficeArrangement.Tests.csproj", "{2EDDF7FC-0361-4E61-B16A-070109B2E36B}"
EndProject
Global
	GlobalSection(SolutionConfigurationPlatforms) = preSolution
		Debug|Any CPU = Debug|Any CPU
		Release|Any CPU = Release|Any CPU
	EndGlobalSection
	GlobalSection(ProjectConfigurationPlatforms) = postSolution
		{5CF2940F-1909-4F40-BDA0-C62D8C26ADA9}.Debug|Any CPU.ActiveCfg = Debug|Any CPU
		{5CF2940F-1909-4F40-BDA0-C62D8C26ADA9}.Debug|Any CPU.Build.0 = Debug|Any CPU
		{5CF2940F-1909-4F40-BDA0-C62D8C26ADA9}.Release|Any CPU.ActiveCfg = Release|Any CPU
		{5CF2940F-1909-4F40-BDA0-C62D8C26ADA9}.Release|Any CPU.Build.0 = Release|Any CPU
		{2EDDF7FC-0361-4E61-B16A-070109B2E36B}.Debug|Any CPU.ActiveCfg = Debug|Any CPU
		{2EDDF7FC-0361-4E61-B16A-070109B2E36B}.Debug|Any CPU.Build.0 = Debug|Any CPU
		{2EDDF7FC-0361-4E61-B16A-070109B2E36B}.Release|Any CPU.ActiveCfg = Release|Any CPU
		{2EDDF7FC-0361-4E61-B16A-070109B2E36B}.Release|Any CPU.Build.0 = Release|Any CPU
	EndGlobalSection
	GlobalSection(SolutionProperties) = preSolution
		HideSolutionNode = FALSE
	EndGlobalSection
EndGlobal
